
Microsoft Visual Studio Solution File, Format Version 12.00
# Visual Studio Version 17
VisualStudioVersion = 17.13.35806.99 d17.13
MinimumVisualStudioVersion = 10.0.40219.1
Project("{FAE04EC0-301F-11D3-BF4B-00C04F79EFBC}") = "Taller01", "Taller01\Taller01.csproj", "{A9A228C7-0B3B-4441-A92A-20FAE8A71FDE}"
EndProject
Global
	GlobalSection(SolutionConfigurationPlatforms) = preSolution
		Debug|Any CPU = Debug|Any CPU
		Release|Any CPU = Release|Any CPU
	EndGlobalSection
	GlobalSection(ProjectConfigurationPlatforms) = postSolution
		{A9A228C7-0B3B-4441-A92A-20FAE8A71FDE}.Debug|Any CPU.ActiveCfg = Debug|Any CPU
		{A9A228C7-0B3B-4441-A92A-20FAE8A71FDE}.Debug|Any CPU.Build.0 = Debug|Any CPU
		{A9A228C7-0B3B-4441-A92A-20FAE8A71FDE}.Release|Any CPU.ActiveCfg = Release|Any CPU
		{A9A228C7-0B3B-4441-A92A-20FAE8A71FDE}.Release|Any CPU.Build.0 = Release|Any CPU
	EndGlobalSection
	GlobalSection(SolutionProperties) = preSolution
		HideSolutionNode = FALSE
	EndGlobalSection
	GlobalSection(ExtensibilityGlobals) = postSolution
		SolutionGuid = {07509AEB-DD1C-49B2-BE44-7A31E3A823BE}
	EndGlobalSection
EndGlobal
